
Microsoft Visual Studio Solution File, Format Version 12.00
# Visual Studio 15
VisualStudioVersion = 15.0.27004.2005
MinimumVisualStudioVersion = 10.0.40219.1
Project("{FAE04EC0-301F-11D3-BF4B-00C04F79EFBC}") = "RealityMobileApplications.Android", "RealityMobileApplications\RealityMobileApplications.Android\RealityMobileApplications.Android.csproj", "{408E3288-E997-493B-9C3F-62905644C625}"
EndProject
Project("{FAE04EC0-301F-11D3-BF4B-00C04F79EFBC}") = "RealityMobileApplications", "RealityMobileApplications\RealityMobileApplications\RealityMobileApplications.csproj", "{7BBD611A-798C-4FC3-8646-D965EA484BDC}"
EndProject
Project("{FAE04EC0-301F-11D3-BF4B-00C04F79EFBC}") = "RealityMobileApplications.iOS", "RealityMobileApplications\RealityMobileApplications.iOS\RealityMobileApplications.iOS.csproj", "{A4A7B7EE-44ED-418C-B942-6DC0D8D5D770}"
EndProject
Global
	GlobalSection(SolutionConfigurationPlatforms) = preSolution
		Ad-Hoc|Any CPU = Ad-Hoc|Any CPU
		Ad-Hoc|iPhone = Ad-Hoc|iPhone
		Ad-Hoc|iPhoneSimulator = Ad-Hoc|iPhoneSimulator
		AppStore|Any CPU = AppStore|Any CPU
		AppStore|iPhone = AppStore|iPhone
		AppStore|iPhoneSimulator = AppStore|iPhoneSimulator
		Debug|Any CPU = Debug|Any CPU
		Debug|iPhone = Debug|iPhone
		Debug|iPhoneSimulator = Debug|iPhoneSimulator
		Release|Any CPU = Release|Any CPU
		Release|iPhone = Release|iPhone
		Release|iPhoneSimulator = Release|iPhoneSimulator
	EndGlobalSection
	GlobalSection(ProjectConfigurationPlatforms) = postSolution
		{408E3288-E997-493B-9C3F-62905644C625}.Ad-Hoc|Any CPU.ActiveCfg = Release|Any CPU
		{408E3288-E997-493B-9C3F-62905644C625}.Ad-Hoc|Any CPU.Build.0 = Release|Any CPU
		{408E3288-E997-493B-9C3F-62905644C625}.Ad-Hoc|Any CPU.Deploy.0 = Release|Any CPU
		{408E3288-E997-493B-9C3F-62905644C625}.Ad-Hoc|iPhone.ActiveCfg = Release|Any CPU
		{408E3288-E997-493B-9C3F-62905644C625}.Ad-Hoc|iPhone.Build.0 = Release|Any CPU
		{408E3288-E997-493B-9C3F-62905644C625}.Ad-Hoc|iPhone.Deploy.0 = Release|Any CPU
		{408E3288-E997-493B-9C3F-62905644C625}.Ad-Hoc|iPhoneSimulator.ActiveCfg = Release|Any CPU
		{408E3288-E997-493B-9C3F-62905644C625}.Ad-Hoc|iPhoneSimulator.Build.0 = Release|Any CPU
		{408E3288-E997-493B-9C3F-62905644C625}.Ad-Hoc|iPhoneSimulator.Deploy.0 = Release|Any CPU
		{408E3288-E997-493B-9C3F-62905644C625}.AppStore|Any CPU.ActiveCfg = Release|Any CPU
		{408E3288-E997-493B-9C3F-62905644C625}.AppStore|Any CPU.Build.0 = Release|Any CPU
		{408E3288-E997-493B-9C3F-62905644C625}.AppStore|Any CPU.Deploy.0 = Release|Any CPU
		{408E3288-E997-493B-9C3F-62905644C625}.AppStore|iPhone.ActiveCfg = Release|Any CPU
		{408E3288-E997-493B-9C3F-62905644C625}.AppStore|iPhone.Build.0 = Release|Any CPU
		{408E3288-E997-493B-9C3F-62905644C625}.AppStore|iPhone.Deploy.0 = Release|Any CPU
		{408E3288-E997-493B-9C3F-62905644C625}.AppStore|iPhoneSimulator.ActiveCfg = Release|Any CPU
		{408E3288-E997-493B-9C3F-62905644C625}.AppStore|iPhoneSimulator.Build.0 = Release|Any CPU
		{408E3288-E997-493B-9C3F-62905644C625}.AppStore|iPhoneSimulator.Deploy.0 = Release|Any CPU
		{408E3288-E997-493B-9C3F-62905644C625}.Debug|Any CPU.ActiveCfg = Debug|Any CPU
		{408E3288-E997-493B-9C3F-62905644C625}.Debug|Any CPU.Build.0 = Debug|Any CPU
		{408E3288-E997-493B-9C3F-62905644C625}.Debug|Any CPU.Deploy.0 = Debug|Any CPU
		{408E3288-E997-493B-9C3F-62905644C625}.Debug|iPhone.ActiveCfg = Debug|Any CPU
		{408E3288-E997-493B-9C3F-62905644C625}.Debug|iPhone.Build.0 = Debug|Any CPU
		{408E3288-E997-493B-9C3F-62905644C625}.Debug|iPhone.Deploy.0 = Debug|Any CPU
		{408E3288-E997-493B-9C3F-62905644C625}.Debug|iPhoneSimulator.ActiveCfg = Debug|Any CPU
		{408E3288-E997-493B-9C3F-62905644C625}.Debug|iPhoneSimulator.Build.0 = Debug|Any CPU
		{408E3288-E997-493B-9C3F-62905644C625}.Debug|iPhoneSimulator.Deploy.0 = Debug|Any CPU
		{408E3288-E997-493B-9C3F-62905644C625}.Release|Any CPU.ActiveCfg = Release|Any CPU
		{408E3288-E997-493B-9C3F-62905644C625}.Release|Any CPU.Build.0 = Release|Any CPU
		{408E3288-E997-493B-9C3F-62905644C625}.Release|Any CPU.Deploy.0 = Release|Any CPU
		{408E3288-E997-493B-9C3F-62905644C625}.Release|iPhone.ActiveCfg = Release|Any CPU
		{408E3288-E997-493B-9C3F-62905644C625}.Release|iPhone.Build.0 = Release|Any CPU
		{408E3288-E997-493B-9C3F-62905644C625}.Release|iPhone.Deploy.0 = Release|Any CPU
		{408E3288-E997-493B-9C3F-62905644C625}.Release|iPhoneSimulator.ActiveCfg = Release|Any CPU
		{408E3288-E997-493B-9C3F-62905644C625}.Release|iPhoneSimulator.Build.0 = Release|Any CPU
		{408E3288-E997-493B-9C3F-62905644C625}.Release|iPhoneSimulator.Deploy.0 = Release|Any CPU
		{7BBD611A-798C-4FC3-8646-D965EA484BDC}.Ad-Hoc|Any CPU.ActiveCfg = Release|Any CPU
		{7BBD611A-798C-4FC3-8646-D965EA484BDC}.Ad-Hoc|Any CPU.Build.0 = Release|Any CPU
		{7BBD611A-798C-4FC3-8646-D965EA484BDC}.Ad-Hoc|iPhone.ActiveCfg = Release|Any CPU
		{7BBD611A-798C-4FC3-8646-D965EA484BDC}.Ad-Hoc|iPhone.Build.0 = Release|Any CPU
		{7BBD611A-798C-4FC3-8646-D965EA484BDC}.Ad-Hoc|iPhoneSimulator.ActiveCfg = Release|Any CPU
		{7BBD611A-798C-4FC3-8646-D965EA484BDC}.Ad-Hoc|iPhoneSimulator.Build.0 = Release|Any CPU
		{7BBD611A-798C-4FC3-8646-D965EA484BDC}.AppStore|Any CPU.ActiveCfg = Release|Any CPU
		{7BBD611A-798C-4FC3-8646-D965EA484BDC}.AppStore|Any CPU.Build.0 = Release|Any CPU
		{7BBD611A-798C-4FC3-8646-D965EA484BDC}.AppStore|iPhone.ActiveCfg = Release|Any CPU
		{7BBD611A-798C-4FC3-8646-D965EA484BDC}.AppStore|iPhone.Build.0 = Release|Any CPU
		{7BBD611A-798C-4FC3-8646-D965EA484BDC}.AppStore|iPhoneSimulator.ActiveCfg = Release|Any CPU
		{7BBD611A-798C-4FC3-8646-D965EA484BDC}.AppStore|iPhoneSimulator.Build.0 = Release|Any CPU
		{7BBD611A-798C-4FC3-8646-D965EA484BDC}.Debug|Any CPU.ActiveCfg = Debug|Any CPU
		{7BBD611A-798C-4FC3-8646-D965EA484BDC}.Debug|Any CPU.Build.0 = Debug|Any CPU
		{7BBD611A-798C-4FC3-8646-D965EA484BDC}.Debug|iPhone.ActiveCfg = Debug|Any CPU
		{7BBD611A-798C-4FC3-8646-D965EA484BDC}.Debug|iPhone.Build.0 = Debug|Any CPU
		{7BBD611A-798C-4FC3-8646-D965EA484BDC}.Debug|iPhoneSimulator.ActiveCfg = Debug|Any CPU
		{7BBD611A-798C-4FC3-8646-D965EA484BDC}.Debug|iPhoneSimulator.Build.0 = Debug|Any CPU
		{7BBD611A-798C-4FC3-8646-D965EA484BDC}.Release|Any CPU.ActiveCfg = Release|Any CPU
		{7BBD611A-798C-4FC3-8646-D965EA484BDC}.Release|Any CPU.Build.0 = Release|Any CPU
		{7BBD611A-798C-4FC3-8646-D965EA484BDC}.Release|iPhone.ActiveCfg = Release|Any CPU
		{7BBD611A-798C-4FC3-8646-D965EA484BDC}.Release|iPhone.Build.0 = Release|Any CPU
		{7BBD611A-798C-4FC3-8646-D965EA484BDC}.Release|iPhoneSimulator.ActiveCfg = Release|Any CPU
		{7BBD611A-798C-4FC3-8646-D965EA484BDC}.Release|iPhoneSimulator.Build.0 = Release|Any CPU
		{A4A7B7EE-44ED-418C-B942-6DC0D8D5D770}.Ad-Hoc|Any CPU.ActiveCfg = Ad-Hoc|iPhoneSimulator
		{A4A7B7EE-44ED-418C-B942-6DC0D8D5D770}.Ad-Hoc|iPhone.ActiveCfg = Ad-Hoc|iPhone
		{A4A7B7EE-44ED-418C-B942-6DC0D8D5D770}.Ad-Hoc|iPhone.Build.0 = Ad-Hoc|iPhone
		{A4A7B7EE-44ED-418C-B942-6DC0D8D5D770}.Ad-Hoc|iPhoneSimulator.ActiveCfg = Ad-Hoc|iPhoneSimulator
		{A4A7B7EE-44ED-418C-B942-6DC0D8D5D770}.Ad-Hoc|iPhoneSimulator.Build.0 = Ad-Hoc|iPhoneSimulator
		{A4A7B7EE-44ED-418C-B942-6DC0D8D5D770}.AppStore|Any CPU.ActiveCfg = AppStore|iPhoneSimulator
		{A4A7B7EE-44ED-418C-B942-6DC0D8D5D770}.AppStore|iPhone.ActiveCfg = AppStore|iPhone
		{A4A7B7EE-44ED-418C-B942-6DC0D8D5D770}.AppStore|iPhone.Build.0 = AppStore|iPhone
		{A4A7B7EE-44ED-418C-B942-6DC0D8D5D770}.AppStore|iPhoneSimulator.ActiveCfg = AppStore|iPhoneSimulator
		{A4A7B7EE-44ED-418C-B942-6DC0D8D5D770}.AppStore|iPhoneSimulator.Build.0 = AppStore|iPhoneSimulator
		{A4A7B7EE-44ED-418C-B942-6DC0D8D5D770}.Debug|Any CPU.ActiveCfg = Debug|iPhoneSimulator
		{A4A7B7EE-44ED-418C-B942-6DC0D8D5D770}.Debug|iPhone.ActiveCfg = Debug|iPhone
		{A4A7B7EE-44ED-418C-B942-6DC0D8D5D770}.Debug|iPhone.Build.0 = Debug|iPhone
		{A4A7B7EE-44ED-418C-B942-6DC0D8D5D770}.Debug|iPhoneSimulator.ActiveCfg = Debug|iPhoneSimulator
		{A4A7B7EE-44ED-418C-B942-6DC0D8D5D770}.Debug|iPhoneSimulator.Build.0 = Debug|iPhoneSimulator
		{A4A7B7EE-44ED-418C-B942-6DC0D8D5D770}.Release|Any CPU.ActiveCfg = Release|iPhoneSimulator
		{A4A7B7EE-44ED-418C-B942-6DC0D8D5D770}.Release|iPhone.ActiveCfg = Release|iPhone
		{A4A7B7EE-44ED-418C-B942-6DC0D8D5D770}.Release|iPhone.Build.0 = Release|iPhone
		{A4A7B7EE-44ED-418C-B942-6DC0D8D5D770}.Release|iPhoneSimulator.ActiveCfg = Release|iPhoneSimulator
		{A4A7B7EE-44ED-418C-B942-6DC0D8D5D770}.Release|iPhoneSimulator.Build.0 = Release|iPhoneSimulator
	EndGlobalSection
	GlobalSection(SolutionProperties) = preSolution
		HideSolutionNode = FALSE
	EndGlobalSection
	GlobalSection(ExtensibilityGlobals) = postSolution
		SolutionGuid = {385DA58E-8570-4399-A903-2A95E84B477B}
	EndGlobalSection
EndGlobal
